// !$*UTF8*$!
{
	archiveVersion = 1;
	classes = {
	};
	objectVersion = 56;
	objects = {

/* Begin PBXBuildFile section */
		5264C2082C311A5700B34C47 /* AwaitApp.swift in Sources */ = {isa = PBXBuildFile; fileRef = 5264C2072C311A5700B34C47 /* AwaitApp.swift */; };
		5264C20A2C311A5700B34C47 /* ContentView.swift in Sources */ = {isa = PBXBuildFile; fileRef = 5264C2092C311A5700B34C47 /* ContentView.swift */; };
		5264C20C2C311A5800B34C47 /* Assets.xcassets in Resources */ = {isa = PBXBuildFile; fileRef = 5264C20B2C311A5800B34C47 /* Assets.xcassets */; };
		5264C20F2C311A5800B34C47 /* Preview Assets.xcassets in Resources */ = {isa = PBXBuildFile; fileRef = 5264C20E2C311A5800B34C47 /* Preview Assets.xcassets */; };
		5264C2192C311A5800B34C47 /* AwaitTests.swift in Sources */ = {isa = PBXBuildFile; fileRef = 5264C2182C311A5800B34C47 /* AwaitTests.swift */; };
		5264C2232C311A5800B34C47 /* AwaitUITests.swift in Sources */ = {isa = PBXBuildFile; fileRef = 5264C2222C311A5800B34C47 /* AwaitUITests.swift */; };
		5264C2252C311A5800B34C47 /* AwaitUITestsLaunchTests.swift in Sources */ = {isa = PBXBuildFile; fileRef = 5264C2242C311A5800B34C47 /* AwaitUITestsLaunchTests.swift */; };
		5264C2322C311A9000B34C47 /* ViewModel.swift in Sources */ = {isa = PBXBuildFile; fileRef = 5264C2312C311A9000B34C47 /* ViewModel.swift */; };
/* End PBXBuildFile section */

/* Begin PBXContainerItemProxy section */
		5264C2152C311A5800B34C47 /* PBXContainerItemProxy */ = {
			isa = PBXContainerItemProxy;
			containerPortal = 5264C1FC2C311A5700B34C47 /* Project object */;
			proxyType = 1;
			remoteGlobalIDString = 5264C2032C311A5700B34C47;
			remoteInfo = Await;
		};
		5264C21F2C311A5800B34C47 /* PBXContainerItemProxy */ = {
			isa = PBXContainerItemProxy;
			containerPortal = 5264C1FC2C311A5700B34C47 /* Project object */;
			proxyType = 1;
			remoteGlobalIDString = 5264C2032C311A5700B34C47;
			remoteInfo = Await;
		};
/* End PBXContainerItemProxy section */

/* Begin PBXFileReference section */
		5264C2042C311A5700B34C47 /* Await.app */ = {isa = PBXFileReference; explicitFileType = wrapper.application; includeInIndex = 0; path = Await.app; sourceTree = BUILT_PRODUCTS_DIR; };
		5264C2072C311A5700B34C47 /* AwaitApp.swift */ = {isa = PBXFileReference; lastKnownFileType = sourcecode.swift; path = AwaitApp.swift; sourceTree = "<group>"; };
		5264C2092C311A5700B34C47 /* ContentView.swift */ = {isa = PBXFileReference; lastKnownFileType = sourcecode.swift; path = ContentView.swift; sourceTree = "<group>"; };
		5264C20B2C311A5800B34C47 /* Assets.xcassets */ = {isa = PBXFileReference; lastKnownFileType = folder.assetcatalog; path = Assets.xcassets; sourceTree = "<group>"; };
		5264C20E2C311A5800B34C47 /* Preview Assets.xcassets */ = {isa = PBXFileReference; lastKnownFileType = folder.assetcatalog; path = "Preview Assets.xcassets"; sourceTree = "<group>"; };
		5264C2142C311A5800B34C47 /* AwaitTests.xctest */ = {isa = PBXFileReference; explicitFileType = wrapper.cfbundle; includeInIndex = 0; path = AwaitTests.xctest; sourceTree = BUILT_PRODUCTS_DIR; };
		5264C2182C311A5800B34C47 /* AwaitTests.swift */ = {isa = PBXFileReference; lastKnownFileType = sourcecode.swift; path = AwaitTests.swift; sourceTree = "<group>"; };
		5264C21E2C311A5800B34C47 /* AwaitUITests.xctest */ = {isa = PBXFileReference; explicitFileType = wrapper.cfbundle; includeInIndex = 0; path = AwaitUITests.xctest; sourceTree = BUILT_PRODUCTS_DIR; };
		5264C2222C311A5800B34C47 /* AwaitUITests.swift */ = {isa = PBXFileReference; lastKnownFileType = sourcecode.swift; path = AwaitUITests.swift; sourceTree = "<group>"; };
		5264C2242C311A5800B34C47 /* AwaitUITestsLaunchTests.swift */ = {isa = PBXFileReference; lastKnownFileType = sourcecode.swift; path = AwaitUITestsLaunchTests.swift; sourceTree = "<group>"; };
		5264C2312C311A9000B34C47 /* ViewModel.swift */ = {isa = PBXFileReference; lastKnownFileType = sourcecode.swift; path = ViewModel.swift; sourceTree = "<group>"; };
/* End PBXFileReference section */

/* Begin PBXFrameworksBuildPhase section */
		5264C2012C311A5700B34C47 /* Frameworks */ = {
			isa = PBXFrameworksBuildPhase;
			buildActionMask = 2147483647;
			files = (
			);
			runOnlyForDeploymentPostprocessing = 0;
		};
		5264C2112C311A5800B34C47 /* Frameworks */ = {
			isa = PBXFrameworksBuildPhase;
			buildActionMask = 2147483647;
			files = (
			);
			runOnlyForDeploymentPostprocessing = 0;
		};
		5264C21B2C311A5800B34C47 /* Frameworks */ = {
			isa = PBXFrameworksBuildPhase;
			buildActionMask = 2147483647;
			files = (
			);
			runOnlyForDeploymentPostprocessing = 0;
		};
/* End PBXFrameworksBuildPhase section */

/* Begin PBXGroup section */
		5264C1FB2C311A5700B34C47 = {
			isa = PBXGroup;
			children = (
				5264C2062C311A5700B34C47 /* Await */,
				5264C2172C311A5800B34C47 /* AwaitTests */,
				5264C2212C311A5800B34C47 /* AwaitUITests */,
				5264C2052C311A5700B34C47 /* Products */,
			);
			sourceTree = "<group>";
		};
		5264C2052C311A5700B34C47 /* Products */ = {
			isa = PBXGroup;
			children = (
				5264C2042C311A5700B34C47 /* Await.app */,
				5264C2142C311A5800B34C47 /* AwaitTests.xctest */,
				5264C21E2C311A5800B34C47 /* AwaitUITests.xctest */,
			);
			name = Products;
			sourceTree = "<group>";
		};
		5264C2062C311A5700B34C47 /* Await */ = {
			isa = PBXGroup;
			children = (
				5264C2312C311A9000B34C47 /* ViewModel.swift */,
				5264C2072C311A5700B34C47 /* AwaitApp.swift */,
				5264C2092C311A5700B34C47 /* ContentView.swift */,
				5264C20B2C311A5800B34C47 /* Assets.xcassets */,
				5264C20D2C311A5800B34C47 /* Preview Content */,
			);
			path = Await;
			sourceTree = "<group>";
		};
		5264C20D2C311A5800B34C47 /* Preview Content */ = {
			isa = PBXGroup;
			children = (
				5264C20E2C311A5800B34C47 /* Preview Assets.xcassets */,
			);
			path = "Preview Content";
			sourceTree = "<group>";
		};
		5264C2172C311A5800B34C47 /* AwaitTests */ = {
			isa = PBXGroup;
			children = (
				5264C2182C311A5800B34C47 /* AwaitTests.swift */,
			);
			path = AwaitTests;
			sourceTree = "<group>";
		};
		5264C2212C311A5800B34C47 /* AwaitUITests */ = {
			isa = PBXGroup;
			children = (
				5264C2222C311A5800B34C47 /* AwaitUITests.swift */,
				5264C2242C311A5800B34C47 /* AwaitUITestsLaunchTests.swift */,
			);
			path = AwaitUITests;
			sourceTree = "<group>";
		};
/* End PBXGroup section */

/* Begin PBXNativeTarget section */
		5264C2032C311A5700B34C47 /* Await */ = {
			isa = PBXNativeTarget;
			buildConfigurationList = 5264C2282C311A5800B34C47 /* Build configuration list for PBXNativeTarget "Await" */;
			buildPhases = (
				5264C2002C311A5700B34C47 /* Sources */,
				5264C2012C311A5700B34C47 /* Frameworks */,
				5264C2022C311A5700B34C47 /* Resources */,
			);
			buildRules = (
			);
			dependencies = (
			);
			name = Await;
			productName = Await;
			productReference = 5264C2042C311A5700B34C47 /* Await.app */;
			productType = "com.apple.product-type.application";
		};
		5264C2132C311A5800B34C47 /* AwaitTests */ = {
			isa = PBXNativeTarget;
			buildConfigurationList = 5264C22B2C311A5800B34C47 /* Build configuration list for PBXNativeTarget "AwaitTests" */;
			buildPhases = (
				5264C2102C311A5800B34C47 /* Sources */,
				5264C2112C311A5800B34C47 /* Frameworks */,
				5264C2122C311A5800B34C47 /* Resources */,
			);
			buildRules = (
			);
			dependencies = (
				5264C2162C311A5800B34C47 /* PBXTargetDependency */,
			);
			name = AwaitTests;
			productName = AwaitTests;
			productReference = 5264C2142C311A5800B34C47 /* AwaitTests.xctest */;
			productType = "com.apple.product-type.bundle.unit-test";
		};
		5264C21D2C311A5800B34C47 /* AwaitUITests */ = {
			isa = PBXNativeTarget;
			buildConfigurationList = 5264C22E2C311A5800B34C47 /* Build configuration list for PBXNativeTarget "AwaitUITests" */;
			buildPhases = (
				5264C21A2C311A5800B34C47 /* Sources */,
				5264C21B2C311A5800B34C47 /* Frameworks */,
				5264C21C2C311A5800B34C47 /* Resources */,
			);
			buildRules = (
			);
			dependencies = (
				5264C2202C311A5800B34C47 /* PBXTargetDependency */,
			);
			name = AwaitUITests;
			productName = AwaitUITests;
			productReference = 5264C21E2C311A5800B34C47 /* AwaitUITests.xctest */;
			productType = "com.apple.product-type.bundle.ui-testing";
		};
/* End PBXNativeTarget section */

/* Begin PBXProject section */
		5264C1FC2C311A5700B34C47 /* Project object */ = {
			isa = PBXProject;
			attributes = {
				BuildIndependentTargetsInParallel = 1;
				LastSwiftUpdateCheck = 1520;
				LastUpgradeCheck = 1520;
				TargetAttributes = {
					5264C2032C311A5700B34C47 = {
						CreatedOnToolsVersion = 15.2;
					};
					5264C2132C311A5800B34C47 = {
						CreatedOnToolsVersion = 15.2;
						TestTargetID = 5264C2032C311A5700B34C47;
					};
					5264C21D2C311A5800B34C47 = {
						CreatedOnToolsVersion = 15.2;
						TestTargetID = 5264C2032C311A5700B34C47;
					};
				};
			};
			buildConfigurationList = 5264C1FF2C311A5700B34C47 /* Build configuration list for PBXProject "Await" */;
			compatibilityVersion = "Xcode 14.0";
			developmentRegion = en;
			hasScannedForEncodings = 0;
			knownRegions = (
				en,
				Base,
			);
			mainGroup = 5264C1FB2C311A5700B34C47;
			productRefGroup = 5264C2052C311A5700B34C47 /* Products */;
			projectDirPath = "";
			projectRoot = "";
			targets = (
				5264C2032C311A5700B34C47 /* Await */,
				5264C2132C311A5800B34C47 /* AwaitTests */,
				5264C21D2C311A5800B34C47 /* AwaitUITests */,
			);
		};
/* End PBXProject section */

/* Begin PBXResourcesBuildPhase section */
		5264C2022C311A5700B34C47 /* Resources */ = {
			isa = PBXResourcesBuildPhase;
			buildActionMask = 2147483647;
			files = (
				5264C20F2C311A5800B34C47 /* Preview Assets.xcassets in Resources */,
				5264C20C2C311A5800B34C47 /* Assets.xcassets in Resources */,
			);
			runOnlyForDeploymentPostprocessing = 0;
		};
		5264C2122C311A5800B34C47 /* Resources */ = {
			isa = PBXResourcesBuildPhase;
			buildActionMask = 2147483647;
			files = (
			);
			runOnlyForDeploymentPostprocessing = 0;
		};
		5264C21C2C311A5800B34C47 /* Resources */ = {
			isa = PBXResourcesBuildPhase;
			buildActionMask = 2147483647;
			files = (
			);
			runOnlyForDeploymentPostprocessing = 0;
		};
/* End PBXResourcesBuildPhase section */

/* Begin PBXSourcesBuildPhase section */
		5264C2002C311A5700B34C47 /* Sources */ = {
			isa = PBXSourcesBuildPhase;
			buildActionMask = 2147483647;
			files = (
				5264C20A2C311A5700B34C47 /* ContentView.swift in Sources */,
				5264C2322C311A9000B34C47 /* ViewModel.swift in Sources */,
				5264C2082C311A5700B34C47 /* AwaitApp.swift in Sources */,
			);
			runOnlyForDeploymentPostprocessing = 0;
		};
		5264C2102C311A5800B34C47 /* Sources */ = {
			isa = PBXSourcesBuildPhase;
			buildActionMask = 2147483647;
			files = (
				5264C2192C311A5800B34C47 /* AwaitTests.swift in Sources */,
			);
			runOnlyForDeploymentPostprocessing = 0;
		};
		5264C21A2C311A5800B34C47 /* Sources */ = {
			isa = PBXSourcesBuildPhase;
			buildActionMask = 2147483647;
			files = (
				5264C2232C311A5800B34C47 /* AwaitUITests.swift in Sources */,
				5264C2252C311A5800B34C47 /* AwaitUITestsLaunchTests.swift in Sources */,
			);
			runOnlyForDeploymentPostprocessing = 0;
		};
/* End PBXSourcesBuildPhase section */

/* Begin PBXTargetDependency section */
		5264C2162C311A5800B34C47 /* PBXTargetDependency */ = {
			isa = PBXTargetDependency;
			target = 5264C2032C311A5700B34C47 /* Await */;
			targetProxy = 5264C2152C311A5800B34C47 /* PBXContainerItemProxy */;
		};
		5264C2202C311A5800B34C47 /* PBXTargetDependency */ = {
			isa = PBXTargetDependency;
			target = 5264C2032C311A5700B34C47 /* Await */;
			targetProxy = 5264C21F2C311A5800B34C47 /* PBXContainerItemProxy */;
		};
/* End PBXTargetDependency section */

/* Begin XCBuildConfiguration section */
		5264C2262C311A5800B34C47 /* Debug */ = {
			isa = XCBuildConfiguration;
			buildSettings = {
				ALWAYS_SEARCH_USER_PATHS = NO;
				ASSETCATALOG_COMPILER_GENERATE_SWIFT_ASSET_SYMBOL_EXTENSIONS = YES;
				CLANG_ANALYZER_NONNULL = YES;
				CLANG_ANALYZER_NUMBER_OBJECT_CONVERSION = YES_AGGRESSIVE;
				CLANG_CXX_LANGUAGE_STANDARD = "gnu++20";
				CLANG_ENABLE_MODULES = YES;
				CLANG_ENABLE_OBJC_ARC = YES;
				CLANG_ENABLE_OBJC_WEAK = YES;
				CLANG_WARN_BLOCK_CAPTURE_AUTORELEASING = YES;
				CLANG_WARN_BOOL_CONVERSION = YES;
				CLANG_WARN_COMMA = YES;
				CLANG_WARN_CONSTANT_CONVERSION = YES;
				CLANG_WARN_DEPRECATED_OBJC_IMPLEMENTATIONS = YES;
				CLANG_WARN_DIRECT_OBJC_ISA_USAGE = YES_ERROR;
				CLANG_WARN_DOCUMENTATION_COMMENTS = YES;
				CLANG_WARN_EMPTY_BODY = YES;
				CLANG_WARN_ENUM_CONVERSION = YES;
				CLANG_WARN_INFINITE_RECURSION = YES;
				CLANG_WARN_INT_CONVERSION = YES;
				CLANG_WARN_NON_LITERAL_NULL_CONVERSION = YES;
				CLANG_WARN_OBJC_IMPLICIT_RETAIN_SELF = YES;
				CLANG_WARN_OBJC_LITERAL_CONVERSION = YES;
				CLANG_WARN_OBJC_ROOT_CLASS = YES_ERROR;
				CLANG_WARN_QUOTED_INCLUDE_IN_FRAMEWORK_HEADER = YES;
				CLANG_WARN_RANGE_LOOP_ANALYSIS = YES;
				CLANG_WARN_STRICT_PROTOTYPES = YES;
				CLANG_WARN_SUSPICIOUS_MOVE = YES;
				CLANG_WARN_UNGUARDED_AVAILABILITY = YES_AGGRESSIVE;
				CLANG_WARN_UNREACHABLE_CODE = YES;
				CLANG_WARN__DUPLICATE_METHOD_MATCH = YES;
				COPY_PHASE_STRIP = NO;
				DEBUG_INFORMATION_FORMAT = dwarf;
				ENABLE_STRICT_OBJC_MSGSEND = YES;
				ENABLE_TESTABILITY = YES;
				ENABLE_USER_SCRIPT_SANDBOXING = YES;
				GCC_C_LANGUAGE_STANDARD = gnu17;
				GCC_DYNAMIC_NO_PIC = NO;
				GCC_NO_COMMON_BLOCKS = YES;
				GCC_OPTIMIZATION_LEVEL = 0;
				GCC_PREPROCESSOR_DEFINITIONS = (
					"DEBUG=1",
					"$(inherited)",
				);
				GCC_WARN_64_TO_32_BIT_CONVERSION = YES;
				GCC_WARN_ABOUT_RETURN_TYPE = YES_ERROR;
				GCC_WARN_UNDECLARED_SELECTOR = YES;
				GCC_WARN_UNINITIALIZED_AUTOS = YES_AGGRESSIVE;
				GCC_WARN_UNUSED_FUNCTION = YES;
				GCC_WARN_UNUSED_VARIABLE = YES;
				IPHONEOS_DEPLOYMENT_TARGET = 17.2;
				LOCALIZATION_PREFERS_STRING_CATALOGS = YES;
				MTL_ENABLE_DEBUG_INFO = INCLUDE_SOURCE;
				MTL_FAST_MATH = YES;
				ONLY_ACTIVE_ARCH = YES;
				SDKROOT = iphoneos;
				SWIFT_ACTIVE_COMPILATION_CONDITIONS = "DEBUG $(inherited)";
				SWIFT_OPTIMIZATION_LEVEL = "-Onone";
			};
			name = Debug;
		};
		5264C2272C311A5800B34C47 /* Release */ = {
			isa = XCBuildConfiguration;
			buildSettings = {
				ALWAYS_SEARCH_USER_PATHS = NO;
				ASSETCATALOG_COMPILER_GENERATE_SWIFT_ASSET_SYMBOL_EXTENSIONS = YES;
				CLANG_ANALYZER_NONNULL = YES;
				CLANG_ANALYZER_NUMBER_OBJECT_CONVERSION = YES_AGGRESSIVE;
				CLANG_CXX_LANGUAGE_STANDARD = "gnu++20";
				CLANG_ENABLE_MODULES = YES;
				CLANG_ENABLE_OBJC_ARC = YES;
				CLANG_ENABLE_OBJC_WEAK = YES;
				CLANG_WARN_BLOCK_CAPTURE_AUTORELEASING = YES;
				CLANG_WARN_BOOL_CONVERSION = YES;
				CLANG_WARN_COMMA = YES;
				CLANG_WARN_CONSTANT_CONVERSION = YES;
				CLANG_WARN_DEPRECATED_OBJC_IMPLEMENTATIONS = YES;
				CLANG_WARN_DIRECT_OBJC_ISA_USAGE = YES_ERROR;
				CLANG_WARN_DOCUMENTATION_COMMENTS = YES;
				CLANG_WARN_EMPTY_BODY = YES;
				CLANG_WARN_ENUM_CONVERSION = YES;
				CLANG_WARN_INFINITE_RECURSION = YES;
				CLANG_WARN_INT_CONVERSION = YES;
				CLANG_WARN_NON_LITERAL_NULL_CONVERSION = YES;
				CLANG_WARN_OBJC_IMPLICIT_RETAIN_SELF = YES;
				CLANG_WARN_OBJC_LITERAL_CONVERSION = YES;
				CLANG_WARN_OBJC_ROOT_CLASS = YES_ERROR;
				CLANG_WARN_QUOTED_INCLUDE_IN_FRAMEWORK_HEADER = YES;
				CLANG_WARN_RANGE_LOOP_ANALYSIS = YES;
				CLANG_WARN_STRICT_PROTOTYPES = YES;
				CLANG_WARN_SUSPICIOUS_MOVE = YES;
				CLANG_WARN_UNGUARDED_AVAILABILITY = YES_AGGRESSIVE;
				CLANG_WARN_UNREACHABLE_CODE = YES;
				CLANG_WARN__DUPLICATE_METHOD_MATCH = YES;
				COPY_PHASE_STRIP = NO;
				DEBUG_INFORMATION_FORMAT = "dwarf-with-dsym";
				ENABLE_NS_ASSERTIONS = NO;
				ENABLE_STRICT_OBJC_MSGSEND = YES;
				ENABLE_USER_SCRIPT_SANDBOXING = YES;
				GCC_C_LANGUAGE_STANDARD = gnu17;
				GCC_NO_COMMON_BLOCKS = YES;
				GCC_WARN_64_TO_32_BIT_CONVERSION = YES;
				GCC_WARN_ABOUT_RETURN_TYPE = YES_ERROR;
				GCC_WARN_UNDECLARED_SELECTOR = YES;
				GCC_WARN_UNINITIALIZED_AUTOS = YES_AGGRESSIVE;
				GCC_WARN_UNUSED_FUNCTION = YES;
				GCC_WARN_UNUSED_VARIABLE = YES;
				IPHONEOS_DEPLOYMENT_TARGET = 17.2;
				LOCALIZATION_PREFERS_STRING_CATALOGS = YES;
				MTL_ENABLE_DEBUG_INFO = NO;
				MTL_FAST_MATH = YES;
				SDKROOT = iphoneos;
				SWIFT_COMPILATION_MODE = wholemodule;
				VALIDATE_PRODUCT = YES;
			};
			name = Release;
		};
		5264C2292C311A5800B34C47 /* Debug */ = {
			isa = XCBuildConfiguration;
			buildSettings = {
				ASSETCATALOG_COMPILER_APPICON_NAME = AppIcon;
				ASSETCATALOG_COMPILER_GLOBAL_ACCENT_COLOR_NAME = AccentColor;
				CODE_SIGN_STYLE = Automatic;
				CURRENT_PROJECT_VERSION = 1;
				DEVELOPMENT_ASSET_PATHS = "\"Await/Preview Content\"";
				ENABLE_PREVIEWS = YES;
				GENERATE_INFOPLIST_FILE = YES;
				INFOPLIST_KEY_UIApplicationSceneManifest_Generation = YES;
				INFOPLIST_KEY_UIApplicationSupportsIndirectInputEvents = YES;
				INFOPLIST_KEY_UILaunchScreen_Generation = YES;
				INFOPLIST_KEY_UISupportedInterfaceOrientations_iPad = "UIInterfaceOrientationPortrait UIInterfaceOrientationPortraitUpsideDown UIInterfaceOrientationLandscapeLeft UIInterfaceOrientationLandscapeRight";
				INFOPLIST_KEY_UISupportedInterfaceOrientations_iPhone = "UIInterfaceOrientationPortrait UIInterfaceOrientationLandscapeLeft UIInterfaceOrientationLandscapeRight";
				LD_RUNPATH_SEARCH_PATHS = (
					"$(inherited)",
					"@executable_path/Frameworks",
				);
				MARKETING_VERSION = 1.0;
				PRODUCT_BUNDLE_IDENTIFIER = test.Await;
				PRODUCT_NAME = "$(TARGET_NAME)";
				SWIFT_EMIT_LOC_STRINGS = YES;
				SWIFT_VERSION = 5.0;
				TARGETED_DEVICE_FAMILY = "1,2";
			};
			name = Debug;
		};
		5264C22A2C311A5800B34C47 /* Release */ = {
			isa = XCBuildConfiguration;
			buildSettings = {
				ASSETCATALOG_COMPILER_APPICON_NAME = AppIcon;
				ASSETCATALOG_COMPILER_GLOBAL_ACCENT_COLOR_NAME = AccentColor;
				CODE_SIGN_STYLE = Automatic;
				CURRENT_PROJECT_VERSION = 1;
				DEVELOPMENT_ASSET_PATHS = "\"Await/Preview Content\"";
				ENABLE_PREVIEWS = YES;
				GENERATE_INFOPLIST_FILE = YES;
				INFOPLIST_KEY_UIApplicationSceneManifest_Generation = YES;
				INFOPLIST_KEY_UIApplicationSupportsIndirectInputEvents = YES;
				INFOPLIST_KEY_UILaunchScreen_Generation = YES;
				INFOPLIST_KEY_UISupportedInterfaceOrientations_iPad = "UIInterfaceOrientationPortrait UIInterfaceOrientationPortraitUpsideDown UIInterfaceOrientationLandscapeLeft UIInterfaceOrientationLandscapeRight";
				INFOPLIST_KEY_UISupportedInterfaceOrientations_iPhone = "UIInterfaceOrientationPortrait UIInterfaceOrientationLandscapeLeft UIInterfaceOrientationLandscapeRight";
				LD_RUNPATH_SEARCH_PATHS = (
					"$(inherited)",
					"@executable_path/Frameworks",
				);
				MARKETING_VERSION = 1.0;
				PRODUCT_BUNDLE_IDENTIFIER = test.Await;
				PRODUCT_NAME = "$(TARGET_NAME)";
				SWIFT_EMIT_LOC_STRINGS = YES;
				SWIFT_VERSION = 5.0;
				TARGETED_DEVICE_FAMILY = "1,2";
			};
			name = Release;
		};
		5264C22C2C311A5800B34C47 /* Debug */ = {
			isa = XCBuildConfiguration;
			buildSettings = {
				ALWAYS_EMBED_SWIFT_STANDARD_LIBRARIES = YES;
				BUNDLE_LOADER = "$(TEST_HOST)";
				CODE_SIGN_STYLE = Automatic;
				CURRENT_PROJECT_VERSION = 1;
				GENERATE_INFOPLIST_FILE = YES;
				IPHONEOS_DEPLOYMENT_TARGET = 17.2;
				MARKETING_VERSION = 1.0;
				PRODUCT_BUNDLE_IDENTIFIER = test.AwaitTests;
				PRODUCT_NAME = "$(TARGET_NAME)";
				SWIFT_EMIT_LOC_STRINGS = NO;
				SWIFT_VERSION = 5.0;
				TARGETED_DEVICE_FAMILY = "1,2";
				TEST_HOST = "$(BUILT_PRODUCTS_DIR)/Await.app/$(BUNDLE_EXECUTABLE_FOLDER_PATH)/Await";
			};
			name = Debug;
		};
		5264C22D2C311A5800B34C47 /* Release */ = {
			isa = XCBuildConfiguration;
			buildSettings = {
				ALWAYS_EMBED_SWIFT_STANDARD_LIBRARIES = YES;
				BUNDLE_LOADER = "$(TEST_HOST)";
				CODE_SIGN_STYLE = Automatic;
				CURRENT_PROJECT_VERSION = 1;
				GENERATE_INFOPLIST_FILE = YES;
				IPHONEOS_DEPLOYMENT_TARGET = 17.2;
				MARKETING_VERSION = 1.0;
				PRODUCT_BUNDLE_IDENTIFIER = test.AwaitTests;
				PRODUCT_NAME = "$(TARGET_NAME)";
				SWIFT_EMIT_LOC_STRINGS = NO;
				SWIFT_VERSION = 5.0;
				TARGETED_DEVICE_FAMILY = "1,2";
				TEST_HOST = "$(BUILT_PRODUCTS_DIR)/Await.app/$(BUNDLE_EXECUTABLE_FOLDER_PATH)/Await";
			};
			name = Release;
		};
		5264C22F2C311A5800B34C47 /* Debug */ = {
			isa = XCBuildConfiguration;
			buildSettings = {
				ALWAYS_EMBED_SWIFT_STANDARD_LIBRARIES = YES;
				CODE_SIGN_STYLE = Automatic;
				CURRENT_PROJECT_VERSION = 1;
				GENERATE_INFOPLIST_FILE = YES;
				MARKETING_VERSION = 1.0;
				PRODUCT_BUNDLE_IDENTIFIER = test.AwaitUITests;
				PRODUCT_NAME = "$(TARGET_NAME)";
				SWIFT_EMIT_LOC_STRINGS = NO;
				SWIFT_VERSION = 5.0;
				TARGETED_DEVICE_FAMILY = "1,2";
				TEST_TARGET_NAME = Await;
			};
			name = Debug;
		};
		5264C2302C311A5800B34C47 /* Release */ = {
			isa = XCBuildConfiguration;
			buildSettings = {
				ALWAYS_EMBED_SWIFT_STANDARD_LIBRARIES = YES;
				CODE_SIGN_STYLE = Automatic;
				CURRENT_PROJECT_VERSION = 1;
				GENERATE_INFOPLIST_FILE = YES;
				MARKETING_VERSION = 1.0;
				PRODUCT_BUNDLE_IDENTIFIER = test.AwaitUITests;
				PRODUCT_NAME = "$(TARGET_NAME)";
				SWIFT_EMIT_LOC_STRINGS = NO;
				SWIFT_VERSION = 5.0;
				TARGETED_DEVICE_FAMILY = "1,2";
				TEST_TARGET_NAME = Await;
			};
			name = Release;
		};
/* End XCBuildConfiguration section */

/* Begin XCConfigurationList section */
		5264C1FF2C311A5700B34C47 /* Build configuration list for PBXProject "Await" */ = {
			isa = XCConfigurationList;
			buildConfigurations = (
				5264C2262C311A5800B34C47 /* Debug */,
				5264C2272C311A5800B34C47 /* Release */,
			);
			defaultConfigurationIsVisible = 0;
			defaultConfigurationName = Release;
		};
		5264C2282C311A5800B34C47 /* Build configuration list for PBXNativeTarget "Await" */ = {
			isa = XCConfigurationList;
			buildConfigurations = (
				5264C2292C311A5800B34C47 /* Debug */,
				5264C22A2C311A5800B34C47 /* Release */,
			);
			defaultConfigurationIsVisible = 0;
			defaultConfigurationName = Release;
		};
		5264C22B2C311A5800B34C47 /* Build configuration list for PBXNativeTarget "AwaitTests" */ = {
			isa = XCConfigurationList;
			buildConfigurations = (
				5264C22C2C311A5800B34C47 /* Debug */,
				5264C22D2C311A5800B34C47 /* Release */,
			);
			defaultConfigurationIsVisible = 0;
			defaultConfigurationName = Release;
		};
		5264C22E2C311A5800B34C47 /* Build configuration list for PBXNativeTarget "AwaitUITests" */ = {
			isa = XCConfigurationList;
			buildConfigurations = (
				5264C22F2C311A5800B34C47 /* Debug */,
				5264C2302C311A5800B34C47 /* Release */,
			);
			defaultConfigurationIsVisible = 0;
			defaultConfigurationName = Release;
		};
/* End XCConfigurationList section */
	};
	rootObject = 5264C1FC2C311A5700B34C47 /* Project object */;
}
